<?xml version="1.0" encoding="utf-8"?>
<Project ToolsVersion="12.0" xmlns="http://schemas.microsoft.com/developer/msbuild/2003">
  <ItemGroup>
    <CustomBuild Include="D:\src\joshuanapoli\plustache\vendor\gtest-1.6.0\CMakeLists.txt" />
    <CustomBuild Include="CMakeFiles\b2d37d2e44d61464e2ad1e0740b2a841\ALL_BUILD.rule">
      <Filter>CMake Rules</Filter>
    </CustomBuild>
  </ItemGroup>
  <ItemGroup>
    <None Include="CMakeFiles\ALL_BUILD" />
  </ItemGroup>
  <ItemGroup>
    <Filter Include="CMake Rules">
      <UniqueIdentifier>{02269B56-ECBC-4830-9886-A56DEAC201D4}</UniqueIdentifier>
    </Filter>
  </ItemGroup>
</Project>
